
Microsoft Visual Studio Solution File, Format Version 12.00
# Visual Studio 2012
Project("{2150E333-8FDC-42A3-9474-1A3956D46DE8}") = "Libraries", "Libraries", "{6F990B3D-6195-4973-9765-8725CE665780}"
EndProject
Project("{2150E333-8FDC-42A3-9474-1A3956D46DE8}") = "Tools", "Tools", "{D0031DAA-4812-49B0-84AE-477148081144}"
EndProject
Project("{2150E333-8FDC-42A3-9474-1A3956D46DE8}") = "Game", "Game", "{111C02E6-2F03-4AAB-8ED8-91B642EC27E1}"
EndProject
Project("{8BC9CEB8-8B4A-11D0-8D11-00A0C91BC942}") = "Game", "projects\Game\Game.vcxproj", "{E750EBB9-2DBC-4235-B0ED-5837D99FC166}"
	ProjectSection(ProjectDependencies) = postProject
		{85344B7F-5AA0-4E12-A065-D1333D11F6CA} = {85344B7F-5AA0-4E12-A065-D1333D11F6CA}
		{371B9FA9-4C90-4AC6-A123-ACED756D6C77} = {371B9FA9-4C90-4AC6-A123-ACED756D6C77}
		{DF460EAB-570D-4B50-9089-2E2FC801BF38} = {DF460EAB-570D-4B50-9089-2E2FC801BF38}
		{61B333C2-C4F7-4CC1-A9BF-83F6D95588EB} = {61B333C2-C4F7-4CC1-A9BF-83F6D95588EB}
	EndProjectSection
EndProject
Project("{8BC9CEB8-8B4A-11D0-8D11-00A0C91BC942}") = "DirectXTex", "projects\DirectXTex\DirectXTex\DirectXTex_Desktop_2012.vcxproj", "{371B9FA9-4C90-4AC6-A123-ACED756D6C77}"
EndProject
Project("{8BC9CEB8-8B4A-11D0-8D11-00A0C91BC942}") = "Effects11", "projects\Effects11\Effects11_2012.vcxproj", "{DF460EAB-570D-4B50-9089-2E2FC801BF38}"
EndProject
Project("{8BC9CEB8-8B4A-11D0-8D11-00A0C91BC942}") = "DXUT", "projects\DXUT\Core\DXUT_2012.vcxproj", "{85344B7F-5AA0-4E12-A065-D1333D11F6CA}"
EndProject
Project("{8BC9CEB8-8B4A-11D0-8D11-00A0C91BC942}") = "DXUTOpt", "projects\DXUT\Optional\DXUTOpt_2012.vcxproj", "{61B333C2-C4F7-4CC1-A9BF-83F6D95588EB}"
EndProject
Project("{8BC9CEB8-8B4A-11D0-8D11-00A0C91BC942}") = "texconv", "projects\DirectXTex\Texconv\Texconv_Desktop_2012.vcxproj", "{C3A65381-8FD3-4F69-B29E-654B4B0ED136}"
EndProject
Project("{8BC9CEB8-8B4A-11D0-8D11-00A0C91BC942}") = "TerrainGenerator", "projects\TerrainGenerator\TerrainGenerator.vcxproj", "{B28235FD-3548-4AAF-83D9-8082EB39ACC9}"
EndProject
Global
	GlobalSection(SolutionConfigurationPlatforms) = preSolution
		Debug|Win32 = Debug|Win32
		Release|Win32 = Release|Win32
	EndGlobalSection
	GlobalSection(ProjectConfigurationPlatforms) = postSolution
		{E750EBB9-2DBC-4235-B0ED-5837D99FC166}.Debug|Win32.ActiveCfg = Debug|Win32
		{E750EBB9-2DBC-4235-B0ED-5837D99FC166}.Debug|Win32.Build.0 = Debug|Win32
		{E750EBB9-2DBC-4235-B0ED-5837D99FC166}.Release|Win32.ActiveCfg = Release|Win32
		{E750EBB9-2DBC-4235-B0ED-5837D99FC166}.Release|Win32.Build.0 = Release|Win32
		{371B9FA9-4C90-4AC6-A123-ACED756D6C77}.Debug|Win32.ActiveCfg = Debug|Win32
		{371B9FA9-4C90-4AC6-A123-ACED756D6C77}.Debug|Win32.Build.0 = Debug|Win32
		{371B9FA9-4C90-4AC6-A123-ACED756D6C77}.Release|Win32.ActiveCfg = Release|Win32
		{371B9FA9-4C90-4AC6-A123-ACED756D6C77}.Release|Win32.Build.0 = Release|Win32
		{DF460EAB-570D-4B50-9089-2E2FC801BF38}.Debug|Win32.ActiveCfg = Debug|Win32
		{DF460EAB-570D-4B50-9089-2E2FC801BF38}.Debug|Win32.Build.0 = Debug|Win32
		{DF460EAB-570D-4B50-9089-2E2FC801BF38}.Release|Win32.ActiveCfg = Release|Win32
		{DF460EAB-570D-4B50-9089-2E2FC801BF38}.Release|Win32.Build.0 = Release|Win32
		{85344B7F-5AA0-4E12-A065-D1333D11F6CA}.Debug|Win32.ActiveCfg = Debug|Win32
		{85344B7F-5AA0-4E12-A065-D1333D11F6CA}.Debug|Win32.Build.0 = Debug|Win32
		{85344B7F-5AA0-4E12-A065-D1333D11F6CA}.Release|Win32.ActiveCfg = Release|Win32
		{85344B7F-5AA0-4E12-A065-D1333D11F6CA}.Release|Win32.Build.0 = Release|Win32
		{61B333C2-C4F7-4CC1-A9BF-83F6D95588EB}.Debug|Win32.ActiveCfg = Debug|Win32
		{61B333C2-C4F7-4CC1-A9BF-83F6D95588EB}.Debug|Win32.Build.0 = Debug|Win32
		{61B333C2-C4F7-4CC1-A9BF-83F6D95588EB}.Release|Win32.ActiveCfg = Release|Win32
		{61B333C2-C4F7-4CC1-A9BF-83F6D95588EB}.Release|Win32.Build.0 = Release|Win32
		{C3A65381-8FD3-4F69-B29E-654B4B0ED136}.Debug|Win32.ActiveCfg = Debug|Win32
		{C3A65381-8FD3-4F69-B29E-654B4B0ED136}.Debug|Win32.Build.0 = Debug|Win32
		{C3A65381-8FD3-4F69-B29E-654B4B0ED136}.Release|Win32.ActiveCfg = Release|Win32
		{C3A65381-8FD3-4F69-B29E-654B4B0ED136}.Release|Win32.Build.0 = Release|Win32
		{B28235FD-3548-4AAF-83D9-8082EB39ACC9}.Debug|Win32.ActiveCfg = Debug|Win32
		{B28235FD-3548-4AAF-83D9-8082EB39ACC9}.Debug|Win32.Build.0 = Debug|Win32
		{B28235FD-3548-4AAF-83D9-8082EB39ACC9}.Release|Win32.ActiveCfg = Release|Win32
		{B28235FD-3548-4AAF-83D9-8082EB39ACC9}.Release|Win32.Build.0 = Release|Win32
	EndGlobalSection
	GlobalSection(SolutionProperties) = preSolution
		HideSolutionNode = FALSE
	EndGlobalSection
	GlobalSection(NestedProjects) = preSolution
		{371B9FA9-4C90-4AC6-A123-ACED756D6C77} = {6F990B3D-6195-4973-9765-8725CE665780}
		{DF460EAB-570D-4B50-9089-2E2FC801BF38} = {6F990B3D-6195-4973-9765-8725CE665780}
		{85344B7F-5AA0-4E12-A065-D1333D11F6CA} = {6F990B3D-6195-4973-9765-8725CE665780}
		{61B333C2-C4F7-4CC1-A9BF-83F6D95588EB} = {6F990B3D-6195-4973-9765-8725CE665780}
		{C3A65381-8FD3-4F69-B29E-654B4B0ED136} = {D0031DAA-4812-49B0-84AE-477148081144}
		{E750EBB9-2DBC-4235-B0ED-5837D99FC166} = {111C02E6-2F03-4AAB-8ED8-91B642EC27E1}
	EndGlobalSection
EndGlobal
